
Microsoft Visual Studio Solution File, Format Version 12.00
# Visual Studio Version 17
VisualStudioVersion = 17.0.32112.339
MinimumVisualStudioVersion = 10.0.40219.1
Project("{FAE04EC0-301F-11D3-BF4B-00C04F79EFBC}") = "N01516955_assignment2_w2022", "N01516955_assignment2_w2022\N01516955_assignment2_w2022.csproj", "{A27D8AF2-2316-458A-A4F4-B568F6872607}"
EndProject
Global
	GlobalSection(SolutionConfigurationPlatforms) = preSolution
		Debug|Any CPU = Debug|Any CPU
		Release|Any CPU = Release|Any CPU
	EndGlobalSection
	GlobalSection(ProjectConfigurationPlatforms) = postSolution
		{A27D8AF2-2316-458A-A4F4-B568F6872607}.Debug|Any CPU.ActiveCfg = Debug|Any CPU
		{A27D8AF2-2316-458A-A4F4-B568F6872607}.Debug|Any CPU.Build.0 = Debug|Any CPU
		{A27D8AF2-2316-458A-A4F4-B568F6872607}.Release|Any CPU.ActiveCfg = Release|Any CPU
		{A27D8AF2-2316-458A-A4F4-B568F6872607}.Release|Any CPU.Build.0 = Release|Any CPU
	EndGlobalSection
	GlobalSection(SolutionProperties) = preSolution
		HideSolutionNode = FALSE
	EndGlobalSection
	GlobalSection(ExtensibilityGlobals) = postSolution
		SolutionGuid = {B79C1C1F-5BF0-4348-9E61-B6D8BF252DD7}
	EndGlobalSection
EndGlobal
